Microsoft Visual Studio Solution File, Format Version 12.00
# Visual Studio Version 17
VisualStudioVersion = 17.5.2.0
MinimumVisualStudioVersion = 10.0.40219.1
Project("{FAE04EC0-301F-11D3-BF4B-00C04F79EFBC}") = "StripeIntegration", "StripeIntegration.csproj", "{F778CA14-B509-D815-CBDE-26A481B5DBB3}"
EndProject
Global
	GlobalSection(SolutionConfigurationPlatforms) = preSolution
		Debug|Any CPU = Debug|Any CPU
		Release|Any CPU = Release|Any CPU
	EndGlobalSection
	GlobalSection(ProjectConfigurationPlatforms) = postSolution
		{F778CA14-B509-D815-CBDE-26A481B5DBB3}.Debug|Any CPU.ActiveCfg = Debug|Any CPU
		{F778CA14-B509-D815-CBDE-26A481B5DBB3}.Debug|Any CPU.Build.0 = Debug|Any CPU
		{F778CA14-B509-D815-CBDE-26A481B5DBB3}.Release|Any CPU.ActiveCfg = Release|Any CPU
		{F778CA14-B509-D815-CBDE-26A481B5DBB3}.Release|Any CPU.Build.0 = Release|Any CPU
	EndGlobalSection
	GlobalSection(SolutionProperties) = preSolution
		HideSolutionNode = FALSE
	EndGlobalSection
	GlobalSection(ExtensibilityGlobals) = postSolution
		SolutionGuid = {A4623830-94E9-4468-9476-80507EEAF77B}
	EndGlobalSection
EndGlobal
